
Microsoft Visual Studio Solution File, Format Version 12.00
# Visual Studio Version 16
VisualStudioVersion = 16.0.29102.190
MinimumVisualStudioVersion = 10.0.40219.1
Project("{FAE04EC0-301F-11D3-BF4B-00C04F79EFBC}") = "TSSP_V3", "TSSP_V3.csproj", "{A7779D48-FA50-4B66-88F9-8320AD1FE3BA}"
EndProject
Global
	GlobalSection(SolutionConfigurationPlatforms) = preSolution
		Debug|Any CPU = Debug|Any CPU
		Release|Any CPU = Release|Any CPU
	EndGlobalSection
	GlobalSection(ProjectConfigurationPlatforms) = postSolution
		{A7779D48-FA50-4B66-88F9-8320AD1FE3BA}.Debug|Any CPU.ActiveCfg = Debug|Any CPU
		{A7779D48-FA50-4B66-88F9-8320AD1FE3BA}.Debug|Any CPU.Build.0 = Debug|Any CPU
		{A7779D48-FA50-4B66-88F9-8320AD1FE3BA}.Release|Any CPU.ActiveCfg = Release|Any CPU
		{A7779D48-FA50-4B66-88F9-8320AD1FE3BA}.Release|Any CPU.Build.0 = Release|Any CPU
	EndGlobalSection
	GlobalSection(SolutionProperties) = preSolution
		HideSolutionNode = FALSE
	EndGlobalSection
	GlobalSection(ExtensibilityGlobals) = postSolution
		SolutionGuid = {3DE3B972-90CD-4215-B11C-1816ABCEE46D}
	EndGlobalSection
EndGlobal
